{
  "name": "ai-girl-chat",
  "lockfileVersion": 3,
  "requires": true,
  "packages": {
    "": {
      "dependencies": {
        "@gradio/client": "^2.3.1",
        "ws": "^8.21.1"
      }
    },
    "node_modules/@gradio/client": {
      "version": "2.3.1",
      "resolved": "https://registry.npmjs.org/@gradio/client/-/client-2.3.1.tgz",
      "integrity": "sha512-Vznt4Ju/nPCajVMlwbJgfrHp0NGodSNCYxoxQEb9WfwPVF2fSNyobGmIiQ2/xbm7Mkn3afNGRqfmIyjJesjOxw==",
      "license": "ISC",
      "dependencies": {
        "fetch-event-stream": "^0.1.5"
      },
      "engines": {
        "node": ">=18.0.0"
      }
    },
    "node_modules/fetch-event-stream": {
      "version": "0.1.6",
      "resolved": "https://registry.npmjs.org/fetch-event-stream/-/fetch-event-stream-0.1.6.tgz",
      "integrity": "sha512-GREtJ5HNikdU2AXtZ6E/5bk+aslMU6ie5mPG6H9nvsdDkkHQ6m5lHwmmmDTOBexok9hApQ7EprsXCdmz9ZC68w==",
      "license": "MIT"
    },
    "node_modules/ws": {
      "version": "8.21.1",
      "resolved": "https://registry.npmjs.org/ws/-/ws-8.21.1.tgz",
      "integrity": "sha512-+0NTnW77fFN/DjQi6k/Sq/Yvk4Sgajw7urW8V+asjXnRgDs9gyGkdb7EzgfhA4goXsRIZKE28fzIXBHEzhuiWw==",
      "license": "MIT",
      "engines": {
        "node": ">=10.0.0"
      },
      "peerDependencies": {
        "bufferutil": "^4.0.1",
        "utf-8-validate": ">=5.0.2"
      },
      "peerDependenciesMeta": {
        "bufferutil": {
          "optional": true
        },
        "utf-8-validate": {
          "optional": true
        }
      }
    }
  }
}
